// !$*UTF8*$!
{
	archiveVersion = 1;
	classes = {
	};
	objectVersion = 56;
	objects = {

/* Begin PBXBuildFile section */
		901CABB12BEBE8AA00F7F42F /* Lab3SwiftUIApp.swift in Sources */ = {isa = PBXBuildFile; fileRef = 901CABB02BEBE8AA00F7F42F /* Lab3SwiftUIApp.swift */; };
		901CABB52BEBE8AC00F7F42F /* Assets.xcassets in Resources */ = {isa = PBXBuildFile; fileRef = 901CABB42BEBE8AC00F7F42F /* Assets.xcassets */; };
		901CABB82BEBE8AC00F7F42F /* Preview Assets.xcassets in Resources */ = {isa = PBXBuildFile; fileRef = 901CABB72BEBE8AC00F7F42F /* Preview Assets.xcassets */; };
		901CABBF2BEBE9A400F7F42F /* CharacterListView.swift in Sources */ = {isa = PBXBuildFile; fileRef = 901CABBE2BEBE9A400F7F42F /* CharacterListView.swift */; };
		901CABC12BEBE9D800F7F42F /* CharacterListViewModel.swift in Sources */ = {isa = PBXBuildFile; fileRef = 901CABC02BEBE9D700F7F42F /* CharacterListViewModel.swift */; };
		901CABC32BEBEA1800F7F42F /* Character.swift in Sources */ = {isa = PBXBuildFile; fileRef = 901CABC22BEBEA1800F7F42F /* Character.swift */; };
		901CABC92BEC014000F7F42F /* SplashView.swift in Sources */ = {isa = PBXBuildFile; fileRef = 901CABC82BEC014000F7F42F /* SplashView.swift */; };
		901CABCB2BF2237000F7F42F /* DataManager.swift in Sources */ = {isa = PBXBuildFile; fileRef = 901CABCA2BF2237000F7F42F /* DataManager.swift */; };
		901CABCE2BF223AE00F7F42F /* Alamofire in Frameworks */ = {isa = PBXBuildFile; productRef = 901CABCD2BF223AE00F7F42F /* Alamofire */; };
		901CABD42BF22B3500F7F42F /* CharacterDetailView.swift in Sources */ = {isa = PBXBuildFile; fileRef = 901CABD32BF22B3500F7F42F /* CharacterDetailView.swift */; };
		901CABD62BF22BC300F7F42F /* CharacterRowView.swift in Sources */ = {isa = PBXBuildFile; fileRef = 901CABD52BF22BC300F7F42F /* CharacterRowView.swift */; };
		901CABE12BF3E07F00F7F42F /* CharacterDetailViewModel.swift in Sources */ = {isa = PBXBuildFile; fileRef = 901CABE02BF3E07F00F7F42F /* CharacterDetailViewModel.swift */; };
		901CABE52BF3E27400F7F42F /* CharactersResponse.swift in Sources */ = {isa = PBXBuildFile; fileRef = 901CABE42BF3E27400F7F42F /* CharactersResponse.swift */; };
		901CAC422BFBC1FF00F7F42F /* ImageModifiers.swift in Sources */ = {isa = PBXBuildFile; fileRef = 901CAC412BFBC1FF00F7F42F /* ImageModifiers.swift */; };
/* End PBXBuildFile section */

/* Begin PBXFileReference section */
		901CABAD2BEBE8AA00F7F42F /* Lab3SwiftUI.app */ = {isa = PBXFileReference; explicitFileType = wrapper.application; includeInIndex = 0; path = Lab3SwiftUI.app; sourceTree = BUILT_PRODUCTS_DIR; };
		901CABB02BEBE8AA00F7F42F /* Lab3SwiftUIApp.swift */ = {isa = PBXFileReference; lastKnownFileType = sourcecode.swift; path = Lab3SwiftUIApp.swift; sourceTree = "<group>"; };
		901CABB42BEBE8AC00F7F42F /* Assets.xcassets */ = {isa = PBXFileReference; lastKnownFileType = folder.assetcatalog; path = Assets.xcassets; sourceTree = "<group>"; };
		901CABB72BEBE8AC00F7F42F /* Preview Assets.xcassets */ = {isa = PBXFileReference; lastKnownFileType = folder.assetcatalog; path = "Preview Assets.xcassets"; sourceTree = "<group>"; };
		901CABBE2BEBE9A400F7F42F /* CharacterListView.swift */ = {isa = PBXFileReference; lastKnownFileType = sourcecode.swift; path = CharacterListView.swift; sourceTree = "<group>"; };
		901CABC02BEBE9D700F7F42F /* CharacterListViewModel.swift */ = {isa = PBXFileReference; lastKnownFileType = sourcecode.swift; path = CharacterListViewModel.swift; sourceTree = "<group>"; };
		901CABC22BEBEA1800F7F42F /* Character.swift */ = {isa = PBXFileReference; lastKnownFileType = sourcecode.swift; path = Character.swift; sourceTree = "<group>"; };
		901CABC82BEC014000F7F42F /* SplashView.swift */ = {isa = PBXFileReference; lastKnownFileType = sourcecode.swift; path = SplashView.swift; sourceTree = "<group>"; };
		901CABCA2BF2237000F7F42F /* DataManager.swift */ = {isa = PBXFileReference; lastKnownFileType = sourcecode.swift; path = DataManager.swift; sourceTree = "<group>"; };
		901CABD32BF22B3500F7F42F /* CharacterDetailView.swift */ = {isa = PBXFileReference; lastKnownFileType = sourcecode.swift; path = CharacterDetailView.swift; sourceTree = "<group>"; };
		901CABD52BF22BC300F7F42F /* CharacterRowView.swift */ = {isa = PBXFileReference; lastKnownFileType = sourcecode.swift; path = CharacterRowView.swift; sourceTree = "<group>"; };
		901CABE02BF3E07F00F7F42F /* CharacterDetailViewModel.swift */ = {isa = PBXFileReference; lastKnownFileType = sourcecode.swift; path = CharacterDetailViewModel.swift; sourceTree = "<group>"; };
		901CABE42BF3E27400F7F42F /* CharactersResponse.swift */ = {isa = PBXFileReference; lastKnownFileType = sourcecode.swift; path = CharactersResponse.swift; sourceTree = "<group>"; };
		901CAC412BFBC1FF00F7F42F /* ImageModifiers.swift */ = {isa = PBXFileReference; lastKnownFileType = sourcecode.swift; path = ImageModifiers.swift; sourceTree = "<group>"; };
/* End PBXFileReference section */

/* Begin PBXFrameworksBuildPhase section */
		901CABAA2BEBE8AA00F7F42F /* Frameworks */ = {
			isa = PBXFrameworksBuildPhase;
			buildActionMask = 2147483647;
			files = (
				901CABCE2BF223AE00F7F42F /* Alamofire in Frameworks */,
			);
			runOnlyForDeploymentPostprocessing = 0;
		};
/* End PBXFrameworksBuildPhase section */

/* Begin PBXGroup section */
		901CABA42BEBE8AA00F7F42F = {
			isa = PBXGroup;
			children = (
				901CABAF2BEBE8AA00F7F42F /* Lab3SwiftUI */,
				901CABAE2BEBE8AA00F7F42F /* Products */,
			);
			sourceTree = "<group>";
		};
		901CABAE2BEBE8AA00F7F42F /* Products */ = {
			isa = PBXGroup;
			children = (
				901CABAD2BEBE8AA00F7F42F /* Lab3SwiftUI.app */,
			);
			name = Products;
			sourceTree = "<group>";
		};
		901CABAF2BEBE8AA00F7F42F /* Lab3SwiftUI */ = {
			isa = PBXGroup;
			children = (
				901CAC402BFBC1B900F7F42F /* Components */,
				901CABDA2BF3D20900F7F42F /* Models */,
				901CABD92BF3D1E600F7F42F /* Views */,
				901CABDC2BF3D23500F7F42F /* ViewModels */,
				901CABDB2BF3D22200F7F42F /* Data */,
				901CABDD2BF3D26A00F7F42F /* Resources */,
				901CABB62BEBE8AC00F7F42F /* Preview Content */,
			);
			path = Lab3SwiftUI;
			sourceTree = "<group>";
		};
		901CABB62BEBE8AC00F7F42F /* Preview Content */ = {
			isa = PBXGroup;
			children = (
				901CABB72BEBE8AC00F7F42F /* Preview Assets.xcassets */,
			);
			path = "Preview Content";
			sourceTree = "<group>";
		};
		901CABD92BF3D1E600F7F42F /* Views */ = {
			isa = PBXGroup;
			children = (
				901CABC82BEC014000F7F42F /* SplashView.swift */,
				901CABD32BF22B3500F7F42F /* CharacterDetailView.swift */,
				901CABBE2BEBE9A400F7F42F /* CharacterListView.swift */,
				901CABD52BF22BC300F7F42F /* CharacterRowView.swift */,
			);
			path = Views;
			sourceTree = "<group>";
		};
		901CABDA2BF3D20900F7F42F /* Models */ = {
			isa = PBXGroup;
			children = (
				901CABC22BEBEA1800F7F42F /* Character.swift */,
				901CABE42BF3E27400F7F42F /* CharactersResponse.swift */,
			);
			path = Models;
			sourceTree = "<group>";
		};
		901CABDB2BF3D22200F7F42F /* Data */ = {
			isa = PBXGroup;
			children = (
				901CABCA2BF2237000F7F42F /* DataManager.swift */,
			);
			path = Data;
			sourceTree = "<group>";
		};
		901CABDC2BF3D23500F7F42F /* ViewModels */ = {
			isa = PBXGroup;
			children = (
				901CABC02BEBE9D700F7F42F /* CharacterListViewModel.swift */,
				901CABE02BF3E07F00F7F42F /* CharacterDetailViewModel.swift */,
			);
			path = ViewModels;
			sourceTree = "<group>";
		};
		901CABDD2BF3D26A00F7F42F /* Resources */ = {
			isa = PBXGroup;
			children = (
				901CABB02BEBE8AA00F7F42F /* Lab3SwiftUIApp.swift */,
				901CABB42BEBE8AC00F7F42F /* Assets.xcassets */,
			);
			path = Resources;
			sourceTree = "<group>";
		};
		901CAC402BFBC1B900F7F42F /* Components */ = {
			isa = PBXGroup;
			children = (
				901CAC412BFBC1FF00F7F42F /* ImageModifiers.swift */,
			);
			path = Components;
			sourceTree = "<group>";
		};
/* End PBXGroup section */

/* Begin PBXNativeTarget section */
		901CABAC2BEBE8AA00F7F42F /* Lab3SwiftUI */ = {
			isa = PBXNativeTarget;
			buildConfigurationList = 901CABBB2BEBE8AC00F7F42F /* Build configuration list for PBXNativeTarget "Lab3SwiftUI" */;
			buildPhases = (
				901CABA92BEBE8AA00F7F42F /* Sources */,
				901CABAA2BEBE8AA00F7F42F /* Frameworks */,
				901CABAB2BEBE8AA00F7F42F /* Resources */,
			);
			buildRules = (
			);
			dependencies = (
			);
			name = Lab3SwiftUI;
			packageProductDependencies = (
				901CABCD2BF223AE00F7F42F /* Alamofire */,
			);
			productName = Lab3SwiftUI;
			productReference = 901CABAD2BEBE8AA00F7F42F /* Lab3SwiftUI.app */;
			productType = "com.apple.product-type.application";
		};
/* End PBXNativeTarget section */

/* Begin PBXProject section */
		901CABA52BEBE8AA00F7F42F /* Project object */ = {
			isa = PBXProject;
			attributes = {
				BuildIndependentTargetsInParallel = 1;
				LastSwiftUpdateCheck = 1430;
				LastUpgradeCheck = 1430;
				TargetAttributes = {
					901CABAC2BEBE8AA00F7F42F = {
						CreatedOnToolsVersion = 14.3.1;
					};
				};
			};
			buildConfigurationList = 901CABA82BEBE8AA00F7F42F /* Build configuration list for PBXProject "Lab3SwiftUI" */;
			compatibilityVersion = "Xcode 14.0";
			developmentRegion = en;
			hasScannedForEncodings = 0;
			knownRegions = (
				en,
				Base,
			);
			mainGroup = 901CABA42BEBE8AA00F7F42F;
			packageReferences = (
				901CABCC2BF223AE00F7F42F /* XCRemoteSwiftPackageReference "Alamofire" */,
			);
			productRefGroup = 901CABAE2BEBE8AA00F7F42F /* Products */;
			projectDirPath = "";
			projectRoot = "";
			targets = (
				901CABAC2BEBE8AA00F7F42F /* Lab3SwiftUI */,
			);
		};
/* End PBXProject section */

/* Begin PBXResourcesBuildPhase section */
		901CABAB2BEBE8AA00F7F42F /* Resources */ = {
			isa = PBXResourcesBuildPhase;
			buildActionMask = 2147483647;
			files = (
				901CABB82BEBE8AC00F7F42F /* Preview Assets.xcassets in Resources */,
				901CABB52BEBE8AC00F7F42F /* Assets.xcassets in Resources */,
			);
			runOnlyForDeploymentPostprocessing = 0;
		};
/* End PBXResourcesBuildPhase section */

/* Begin PBXSourcesBuildPhase section */
		901CABA92BEBE8AA00F7F42F /* Sources */ = {
			isa = PBXSourcesBuildPhase;
			buildActionMask = 2147483647;
			files = (
				901CABD42BF22B3500F7F42F /* CharacterDetailView.swift in Sources */,
				901CABC12BEBE9D800F7F42F /* CharacterListViewModel.swift in Sources */,
				901CABCB2BF2237000F7F42F /* DataManager.swift in Sources */,
				901CABBF2BEBE9A400F7F42F /* CharacterListView.swift in Sources */,
				901CABE52BF3E27400F7F42F /* CharactersResponse.swift in Sources */,
				901CABC32BEBEA1800F7F42F /* Character.swift in Sources */,
				901CAC422BFBC1FF00F7F42F /* ImageModifiers.swift in Sources */,
				901CABB12BEBE8AA00F7F42F /* Lab3SwiftUIApp.swift in Sources */,
				901CABE12BF3E07F00F7F42F /* CharacterDetailViewModel.swift in Sources */,
				901CABC92BEC014000F7F42F /* SplashView.swift in Sources */,
				901CABD62BF22BC300F7F42F /* CharacterRowView.swift in Sources */,
			);
			runOnlyForDeploymentPostprocessing = 0;
		};
/* End PBXSourcesBuildPhase section */

/* Begin XCBuildConfiguration section */
		901CABB92BEBE8AC00F7F42F /* Debug */ = {
			isa = XCBuildConfiguration;
			buildSettings = {
				ALWAYS_SEARCH_USER_PATHS = NO;
				CLANG_ANALYZER_NONNULL = YES;
				CLANG_ANALYZER_NUMBER_OBJECT_CONVERSION = YES_AGGRESSIVE;
				CLANG_CXX_LANGUAGE_STANDARD = "gnu++20";
				CLANG_ENABLE_MODULES = YES;
				CLANG_ENABLE_OBJC_ARC = YES;
				CLANG_ENABLE_OBJC_WEAK = YES;
				CLANG_WARN_BLOCK_CAPTURE_AUTORELEASING = YES;
				CLANG_WARN_BOOL_CONVERSION = YES;
				CLANG_WARN_COMMA = YES;
				CLANG_WARN_CONSTANT_CONVERSION = YES;
				CLANG_WARN_DEPRECATED_OBJC_IMPLEMENTATIONS = YES;
				CLANG_WARN_DIRECT_OBJC_ISA_USAGE = YES_ERROR;
				CLANG_WARN_DOCUMENTATION_COMMENTS = YES;
				CLANG_WARN_EMPTY_BODY = YES;
				CLANG_WARN_ENUM_CONVERSION = YES;
				CLANG_WARN_INFINITE_RECURSION = YES;
				CLANG_WARN_INT_CONVERSION = YES;
				CLANG_WARN_NON_LITERAL_NULL_CONVERSION = YES;
				CLANG_WARN_OBJC_IMPLICIT_RETAIN_SELF = YES;
				CLANG_WARN_OBJC_LITERAL_CONVERSION = YES;
				CLANG_WARN_OBJC_ROOT_CLASS = YES_ERROR;
				CLANG_WARN_QUOTED_INCLUDE_IN_FRAMEWORK_HEADER = YES;
				CLANG_WARN_RANGE_LOOP_ANALYSIS = YES;
				CLANG_WARN_STRICT_PROTOTYPES = YES;
				CLANG_WARN_SUSPICIOUS_MOVE = YES;
				CLANG_WARN_UNGUARDED_AVAILABILITY = YES_AGGRESSIVE;
				CLANG_WARN_UNREACHABLE_CODE = YES;
				CLANG_WARN__DUPLICATE_METHOD_MATCH = YES;
				COPY_PHASE_STRIP = NO;
				DEBUG_INFORMATION_FORMAT = dwarf;
				ENABLE_STRICT_OBJC_MSGSEND = YES;
				ENABLE_TESTABILITY = YES;
				GCC_C_LANGUAGE_STANDARD = gnu11;
				GCC_DYNAMIC_NO_PIC = NO;
				GCC_NO_COMMON_BLOCKS = YES;
				GCC_OPTIMIZATION_LEVEL = 0;
				GCC_PREPROCESSOR_DEFINITIONS = (
					"DEBUG=1",
					"$(inherited)",
				);
				GCC_WARN_64_TO_32_BIT_CONVERSION = YES;
				GCC_WARN_ABOUT_RETURN_TYPE = YES_ERROR;
				GCC_WARN_UNDECLARED_SELECTOR = YES;
				GCC_WARN_UNINITIALIZED_AUTOS = YES_AGGRESSIVE;
				GCC_WARN_UNUSED_FUNCTION = YES;
				GCC_WARN_UNUSED_VARIABLE = YES;
				IPHONEOS_DEPLOYMENT_TARGET = 16.4;
				MTL_ENABLE_DEBUG_INFO = INCLUDE_SOURCE;
				MTL_FAST_MATH = YES;
				ONLY_ACTIVE_ARCH = YES;
				SDKROOT = iphoneos;
				SWIFT_ACTIVE_COMPILATION_CONDITIONS = DEBUG;
				SWIFT_OPTIMIZATION_LEVEL = "-Onone";
			};
			name = Debug;
		};
		901CABBA2BEBE8AC00F7F42F /* Release */ = {
			isa = XCBuildConfiguration;
			buildSettings = {
				ALWAYS_SEARCH_USER_PATHS = NO;
				CLANG_ANALYZER_NONNULL = YES;
				CLANG_ANALYZER_NUMBER_OBJECT_CONVERSION = YES_AGGRESSIVE;
				CLANG_CXX_LANGUAGE_STANDARD = "gnu++20";
				CLANG_ENABLE_MODULES = YES;
				CLANG_ENABLE_OBJC_ARC = YES;
				CLANG_ENABLE_OBJC_WEAK = YES;
				CLANG_WARN_BLOCK_CAPTURE_AUTORELEASING = YES;
				CLANG_WARN_BOOL_CONVERSION = YES;
				CLANG_WARN_COMMA = YES;
				CLANG_WARN_CONSTANT_CONVERSION = YES;
				CLANG_WARN_DEPRECATED_OBJC_IMPLEMENTATIONS = YES;
				CLANG_WARN_DIRECT_OBJC_ISA_USAGE = YES_ERROR;
				CLANG_WARN_DOCUMENTATION_COMMENTS = YES;
				CLANG_WARN_EMPTY_BODY = YES;
				CLANG_WARN_ENUM_CONVERSION = YES;
				CLANG_WARN_INFINITE_RECURSION = YES;
				CLANG_WARN_INT_CONVERSION = YES;
				CLANG_WARN_NON_LITERAL_NULL_CONVERSION = YES;
				CLANG_WARN_OBJC_IMPLICIT_RETAIN_SELF = YES;
				CLANG_WARN_OBJC_LITERAL_CONVERSION = YES;
				CLANG_WARN_OBJC_ROOT_CLASS = YES_ERROR;
				CLANG_WARN_QUOTED_INCLUDE_IN_FRAMEWORK_HEADER = YES;
				CLANG_WARN_RANGE_LOOP_ANALYSIS = YES;
				CLANG_WARN_STRICT_PROTOTYPES = YES;
				CLANG_WARN_SUSPICIOUS_MOVE = YES;
				CLANG_WARN_UNGUARDED_AVAILABILITY = YES_AGGRESSIVE;
				CLANG_WARN_UNREACHABLE_CODE = YES;
				CLANG_WARN__DUPLICATE_METHOD_MATCH = YES;
				COPY_PHASE_STRIP = NO;
				DEBUG_INFORMATION_FORMAT = "dwarf-with-dsym";
				ENABLE_NS_ASSERTIONS = NO;
				ENABLE_STRICT_OBJC_MSGSEND = YES;
				GCC_C_LANGUAGE_STANDARD = gnu11;
				GCC_NO_COMMON_BLOCKS = YES;
				GCC_WARN_64_TO_32_BIT_CONVERSION = YES;
				GCC_WARN_ABOUT_RETURN_TYPE = YES_ERROR;
				GCC_WARN_UNDECLARED_SELECTOR = YES;
				GCC_WARN_UNINITIALIZED_AUTOS = YES_AGGRESSIVE;
				GCC_WARN_UNUSED_FUNCTION = YES;
				GCC_WARN_UNUSED_VARIABLE = YES;
				IPHONEOS_DEPLOYMENT_TARGET = 16.4;
				MTL_ENABLE_DEBUG_INFO = NO;
				MTL_FAST_MATH = YES;
				SDKROOT = iphoneos;
				SWIFT_COMPILATION_MODE = wholemodule;
				SWIFT_OPTIMIZATION_LEVEL = "-O";
				VALIDATE_PRODUCT = YES;
			};
			name = Release;
		};
		901CABBC2BEBE8AC00F7F42F /* Debug */ = {
			isa = XCBuildConfiguration;
			buildSettings = {
				ASSETCATALOG_COMPILER_APPICON_NAME = AppIcon;
				ASSETCATALOG_COMPILER_GLOBAL_ACCENT_COLOR_NAME = AccentColor;
				CODE_SIGN_STYLE = Automatic;
				CURRENT_PROJECT_VERSION = 1;
				DEVELOPMENT_ASSET_PATHS = "\"Lab3SwiftUI/Preview Content\"";
				DEVELOPMENT_TEAM = H8ZVN55RGH;
				ENABLE_PREVIEWS = YES;
				GENERATE_INFOPLIST_FILE = YES;
				INFOPLIST_KEY_UIApplicationSceneManifest_Generation = YES;
				INFOPLIST_KEY_UIApplicationSupportsIndirectInputEvents = YES;
				INFOPLIST_KEY_UILaunchScreen_Generation = YES;
				INFOPLIST_KEY_UISupportedInterfaceOrientations_iPad = "UIInterfaceOrientationPortrait UIInterfaceOrientationPortraitUpsideDown UIInterfaceOrientationLandscapeLeft UIInterfaceOrientationLandscapeRight";
				INFOPLIST_KEY_UISupportedInterfaceOrientations_iPhone = "UIInterfaceOrientationPortrait UIInterfaceOrientationLandscapeLeft UIInterfaceOrientationLandscapeRight";
				LD_RUNPATH_SEARCH_PATHS = (
					"$(inherited)",
					"@executable_path/Frameworks",
				);
				MARKETING_VERSION = 1.0;
				PRODUCT_BUNDLE_IDENTIFIER = j.Lab3SwiftUI;
				PRODUCT_NAME = "$(TARGET_NAME)";
				SWIFT_EMIT_LOC_STRINGS = YES;
				SWIFT_VERSION = 5.0;
				TARGETED_DEVICE_FAMILY = "1,2";
			};
			name = Debug;
		};
		901CABBD2BEBE8AC00F7F42F /* Release */ = {
			isa = XCBuildConfiguration;
			buildSettings = {
				ASSETCATALOG_COMPILER_APPICON_NAME = AppIcon;
				ASSETCATALOG_COMPILER_GLOBAL_ACCENT_COLOR_NAME = AccentColor;
				CODE_SIGN_STYLE = Automatic;
				CURRENT_PROJECT_VERSION = 1;
				DEVELOPMENT_ASSET_PATHS = "\"Lab3SwiftUI/Preview Content\"";
				DEVELOPMENT_TEAM = H8ZVN55RGH;
				ENABLE_PREVIEWS = YES;
				GENERATE_INFOPLIST_FILE = YES;
				INFOPLIST_KEY_UIApplicationSceneManifest_Generation = YES;
				INFOPLIST_KEY_UIApplicationSupportsIndirectInputEvents = YES;
				INFOPLIST_KEY_UILaunchScreen_Generation = YES;
				INFOPLIST_KEY_UISupportedInterfaceOrientations_iPad = "UIInterfaceOrientationPortrait UIInterfaceOrientationPortraitUpsideDown UIInterfaceOrientationLandscapeLeft UIInterfaceOrientationLandscapeRight";
				INFOPLIST_KEY_UISupportedInterfaceOrientations_iPhone = "UIInterfaceOrientationPortrait UIInterfaceOrientationLandscapeLeft UIInterfaceOrientationLandscapeRight";
				LD_RUNPATH_SEARCH_PATHS = (
					"$(inherited)",
					"@executable_path/Frameworks",
				);
				MARKETING_VERSION = 1.0;
				PRODUCT_BUNDLE_IDENTIFIER = j.Lab3SwiftUI;
				PRODUCT_NAME = "$(TARGET_NAME)";
				SWIFT_EMIT_LOC_STRINGS = YES;
				SWIFT_VERSION = 5.0;
				TARGETED_DEVICE_FAMILY = "1,2";
			};
			name = Release;
		};
/* End XCBuildConfiguration section */

/* Begin XCConfigurationList section */
		901CABA82BEBE8AA00F7F42F /* Build configuration list for PBXProject "Lab3SwiftUI" */ = {
			isa = XCConfigurationList;
			buildConfigurations = (
				901CABB92BEBE8AC00F7F42F /* Debug */,
				901CABBA2BEBE8AC00F7F42F /* Release */,
			);
			defaultConfigurationIsVisible = 0;
			defaultConfigurationName = Release;
		};
		901CABBB2BEBE8AC00F7F42F /* Build configuration list for PBXNativeTarget "Lab3SwiftUI" */ = {
			isa = XCConfigurationList;
			buildConfigurations = (
				901CABBC2BEBE8AC00F7F42F /* Debug */,
				901CABBD2BEBE8AC00F7F42F /* Release */,
			);
			defaultConfigurationIsVisible = 0;
			defaultConfigurationName = Release;
		};
/* End XCConfigurationList section */

/* Begin XCRemoteSwiftPackageReference section */
		901CABCC2BF223AE00F7F42F /* XCRemoteSwiftPackageReference "Alamofire" */ = {
			isa = XCRemoteSwiftPackageReference;
			repositoryURL = "https://github.com/Alamofire/Alamofire.git";
			requirement = {
				kind = upToNextMajorVersion;
				minimumVersion = 5.0.0;
			};
		};
/* End XCRemoteSwiftPackageReference section */

/* Begin XCSwiftPackageProductDependency section */
		901CABCD2BF223AE00F7F42F /* Alamofire */ = {
			isa = XCSwiftPackageProductDependency;
			package = 901CABCC2BF223AE00F7F42F /* XCRemoteSwiftPackageReference "Alamofire" */;
			productName = Alamofire;
		};
/* End XCSwiftPackageProductDependency section */
	};
	rootObject = 901CABA52BEBE8AA00F7F42F /* Project object */;
}
